
Microsoft Visual Studio Solution File, Format Version 12.00
# Visual Studio 2012
Project("{F184B08F-C81C-45F6-A57F-5ABD9991F28F}") = "ENTIDADES", "ENTIDADES\ENTIDADES.vbproj", "{40A583C7-5107-4DE1-98CE-934FB222E591}"
EndProject
Project("{F184B08F-C81C-45F6-A57F-5ABD9991F28F}") = "DLL_SICIPV", "ClassLibrary1\DLL_SICIPV.vbproj", "{2389F9F0-D8B7-42EB-BD78-E6147F6A6B46}"
	ProjectSection(ProjectDependencies) = postProject
		{40A583C7-5107-4DE1-98CE-934FB222E591} = {40A583C7-5107-4DE1-98CE-934FB222E591}
	EndProjectSection
EndProject
Project("{F184B08F-C81C-45F6-A57F-5ABD9991F28F}") = "BLL_SICIPV", "BLL_SICIPV\BLL_SICIPV.vbproj", "{7F92B458-A504-4BD9-9FDA-238815BA35C5}"
	ProjectSection(ProjectDependencies) = postProject
		{40A583C7-5107-4DE1-98CE-934FB222E591} = {40A583C7-5107-4DE1-98CE-934FB222E591}
		{2389F9F0-D8B7-42EB-BD78-E6147F6A6B46} = {2389F9F0-D8B7-42EB-BD78-E6147F6A6B46}
	EndProjectSection
EndProject
Project("{F184B08F-C81C-45F6-A57F-5ABD9991F28F}") = "UI_SICIPV", "UI_SICIPV\UI_SICIPV.vbproj", "{4A107259-940B-4017-94D1-B618788D9D80}"
	ProjectSection(ProjectDependencies) = postProject
		{7F92B458-A504-4BD9-9FDA-238815BA35C5} = {7F92B458-A504-4BD9-9FDA-238815BA35C5}
		{40A583C7-5107-4DE1-98CE-934FB222E591} = {40A583C7-5107-4DE1-98CE-934FB222E591}
	EndProjectSection
EndProject
Global
	GlobalSection(SolutionConfigurationPlatforms) = preSolution
		Debug|Any CPU = Debug|Any CPU
		Release|Any CPU = Release|Any CPU
	EndGlobalSection
	GlobalSection(ProjectConfigurationPlatforms) = postSolution
		{40A583C7-5107-4DE1-98CE-934FB222E591}.Debug|Any CPU.ActiveCfg = Debug|Any CPU
		{40A583C7-5107-4DE1-98CE-934FB222E591}.Debug|Any CPU.Build.0 = Debug|Any CPU
		{40A583C7-5107-4DE1-98CE-934FB222E591}.Release|Any CPU.ActiveCfg = Release|Any CPU
		{40A583C7-5107-4DE1-98CE-934FB222E591}.Release|Any CPU.Build.0 = Release|Any CPU
		{2389F9F0-D8B7-42EB-BD78-E6147F6A6B46}.Debug|Any CPU.ActiveCfg = Debug|Any CPU
		{2389F9F0-D8B7-42EB-BD78-E6147F6A6B46}.Debug|Any CPU.Build.0 = Debug|Any CPU
		{2389F9F0-D8B7-42EB-BD78-E6147F6A6B46}.Release|Any CPU.ActiveCfg = Release|Any CPU
		{2389F9F0-D8B7-42EB-BD78-E6147F6A6B46}.Release|Any CPU.Build.0 = Release|Any CPU
		{7F92B458-A504-4BD9-9FDA-238815BA35C5}.Debug|Any CPU.ActiveCfg = Debug|Any CPU
		{7F92B458-A504-4BD9-9FDA-238815BA35C5}.Debug|Any CPU.Build.0 = Debug|Any CPU
		{7F92B458-A504-4BD9-9FDA-238815BA35C5}.Release|Any CPU.ActiveCfg = Release|Any CPU
		{7F92B458-A504-4BD9-9FDA-238815BA35C5}.Release|Any CPU.Build.0 = Release|Any CPU
		{4A107259-940B-4017-94D1-B618788D9D80}.Debug|Any CPU.ActiveCfg = Debug|Any CPU
		{4A107259-940B-4017-94D1-B618788D9D80}.Debug|Any CPU.Build.0 = Debug|Any CPU
		{4A107259-940B-4017-94D1-B618788D9D80}.Release|Any CPU.ActiveCfg = Release|Any CPU
		{4A107259-940B-4017-94D1-B618788D9D80}.Release|Any CPU.Build.0 = Release|Any CPU
	EndGlobalSection
	GlobalSection(SolutionProperties) = preSolution
		HideSolutionNode = FALSE
	EndGlobalSection
EndGlobal
